// !$*UTF8*$!
{
	archiveVersion = 1;
	classes = {
	};
	objectVersion = 77;
	objects = {

/* Begin PBXBuildFile section */
		0333EFDB8F8BFD7D38FF7D39 /* WrangleApp.swift in Sources */ = {isa = PBXBuildFile; fileRef = 46CEEF6D5F5393DBBA13E006 /* WrangleApp.swift */; };
		173897F3FB7A8CC5317B2441 /* MenuBarView.swift in Sources */ = {isa = PBXBuildFile; fileRef = 34A0A88608ACB0120A3E0078 /* MenuBarView.swift */; };
		1E55B9FDD0C0B9F62F061C04 /* MainView.swift in Sources */ = {isa = PBXBuildFile; fileRef = FEC4E62B2F235889E4A732DE /* MainView.swift */; };
		2A5F8E547ABEF8E96F71EDB1 /* NotificationService.swift in Sources */ = {isa = PBXBuildFile; fileRef = 240D39936ECAF4C933519DD6 /* NotificationService.swift */; };
		2B0F10289DFD50395371E08F /* PlannerItem.swift in Sources */ = {isa = PBXBuildFile; fileRef = C08444C7F279E61E21EEA98C /* PlannerItem.swift */; };
		4D80942D712D262054376BC8 /* WeekView.swift in Sources */ = {isa = PBXBuildFile; fileRef = 7DD34CD90717B5C66B100B17 /* WeekView.swift */; };
		982170352468F13760EF595C /* CalendarService.swift in Sources */ = {isa = PBXBuildFile; fileRef = 769249C9E003DCEC2A2DAD9F /* CalendarService.swift */; };
		9CF4A427ED0A11B3BA9E0EE8 /* TimeBlock.swift in Sources */ = {isa = PBXBuildFile; fileRef = C3267C59FA5327E5D38A727F /* TimeBlock.swift */; };
		E30954A25985D91E40C3F3B8 /* DayView.swift in Sources */ = {isa = PBXBuildFile; fileRef = 29AD6BE8170BF559E722DAFF /* DayView.swift */; };
		E9438C631DD0AC3F1A0BF5C7 /* ItemEditorView.swift in Sources */ = {isa = PBXBuildFile; fileRef = 279AF6740061D3A3E7A52705 /* ItemEditorView.swift */; };
		FFA1255F94C7DFA9CF81B38F /* Theme.swift in Sources */ = {isa = PBXBuildFile; fileRef = 1F7EBEE4CE345E09D665C05F /* Theme.swift */; };
/* End PBXBuildFile section */

/* Begin PBXFileReference section */
		1F7EBEE4CE345E09D665C05F /* Theme.swift */ = {isa = PBXFileReference; lastKnownFileType = sourcecode.swift; path = Theme.swift; sourceTree = "<group>"; };
		240D39936ECAF4C933519DD6 /* NotificationService.swift */ = {isa = PBXFileReference; lastKnownFileType = sourcecode.swift; path = NotificationService.swift; sourceTree = "<group>"; };
		279AF6740061D3A3E7A52705 /* ItemEditorView.swift */ = {isa = PBXFileReference; lastKnownFileType = sourcecode.swift; path = ItemEditorView.swift; sourceTree = "<group>"; };
		29AD6BE8170BF559E722DAFF /* DayView.swift */ = {isa = PBXFileReference; lastKnownFileType = sourcecode.swift; path = DayView.swift; sourceTree = "<group>"; };
		34A0A88608ACB0120A3E0078 /* MenuBarView.swift */ = {isa = PBXFileReference; lastKnownFileType = sourcecode.swift; path = MenuBarView.swift; sourceTree = "<group>"; };
		46CEEF6D5F5393DBBA13E006 /* WrangleApp.swift */ = {isa = PBXFileReference; lastKnownFileType = sourcecode.swift; path = WrangleApp.swift; sourceTree = "<group>"; };
		701E896A00C08055FBF685D0 /* Info.plist */ = {isa = PBXFileReference; lastKnownFileType = text.plist; path = Info.plist; sourceTree = "<group>"; };
		769249C9E003DCEC2A2DAD9F /* CalendarService.swift */ = {isa = PBXFileReference; lastKnownFileType = sourcecode.swift; path = CalendarService.swift; sourceTree = "<group>"; };
		7DD34CD90717B5C66B100B17 /* WeekView.swift */ = {isa = PBXFileReference; lastKnownFileType = sourcecode.swift; path = WeekView.swift; sourceTree = "<group>"; };
		8AC849DAA0E4F6581D31E88F /* Wrangle.app */ = {isa = PBXFileReference; explicitFileType = wrapper.application; includeInIndex = 0; path = Wrangle.app; sourceTree = BUILT_PRODUCTS_DIR; };
		93800FA64560A90540C6F649 /* Wrangle.entitlements */ = {isa = PBXFileReference; lastKnownFileType = text.plist.entitlements; path = Wrangle.entitlements; sourceTree = "<group>"; };
		C08444C7F279E61E21EEA98C /* PlannerItem.swift */ = {isa = PBXFileReference; lastKnownFileType = sourcecode.swift; path = PlannerItem.swift; sourceTree = "<group>"; };
		C3267C59FA5327E5D38A727F /* TimeBlock.swift */ = {isa = PBXFileReference; lastKnownFileType = sourcecode.swift; path = TimeBlock.swift; sourceTree = "<group>"; };
		FEC4E62B2F235889E4A732DE /* MainView.swift */ = {isa = PBXFileReference; lastKnownFileType = sourcecode.swift; path = MainView.swift; sourceTree = "<group>"; };
/* End PBXFileReference section */

/* Begin PBXGroup section */
		5D9F011622CC4CCF3BA0B417 /* Views */ = {
			isa = PBXGroup;
			children = (
				29AD6BE8170BF559E722DAFF /* DayView.swift */,
				279AF6740061D3A3E7A52705 /* ItemEditorView.swift */,
				FEC4E62B2F235889E4A732DE /* MainView.swift */,
				34A0A88608ACB0120A3E0078 /* MenuBarView.swift */,
				7DD34CD90717B5C66B100B17 /* WeekView.swift */,
			);
			path = Views;
			sourceTree = "<group>";
		};
		7911514FB723DD83E49A7362 /* Models */ = {
			isa = PBXGroup;
			children = (
				C08444C7F279E61E21EEA98C /* PlannerItem.swift */,
				C3267C59FA5327E5D38A727F /* TimeBlock.swift */,
			);
			path = Models;
			sourceTree = "<group>";
		};
		A22F421F3D23027ECEF4D541 = {
			isa = PBXGroup;
			children = (
				AA1A8B0A6F2BC05B790F35F2 /* Wrangle */,
				BB2698DE5D0ADB5F76E0154C /* Products */,
			);
			sourceTree = "<group>";
		};
		AA1A8B0A6F2BC05B790F35F2 /* Wrangle */ = {
			isa = PBXGroup;
			children = (
				701E896A00C08055FBF685D0 /* Info.plist */,
				1F7EBEE4CE345E09D665C05F /* Theme.swift */,
				93800FA64560A90540C6F649 /* Wrangle.entitlements */,
				46CEEF6D5F5393DBBA13E006 /* WrangleApp.swift */,
				7911514FB723DD83E49A7362 /* Models */,
				CB44EC91BADD7F010049231F /* Services */,
				5D9F011622CC4CCF3BA0B417 /* Views */,
			);
			path = Wrangle;
			sourceTree = "<group>";
		};
		BB2698DE5D0ADB5F76E0154C /* Products */ = {
			isa = PBXGroup;
			children = (
				8AC849DAA0E4F6581D31E88F /* Wrangle.app */,
			);
			name = Products;
			sourceTree = "<group>";
		};
		CB44EC91BADD7F010049231F /* Services */ = {
			isa = PBXGroup;
			children = (
				769249C9E003DCEC2A2DAD9F /* CalendarService.swift */,
				240D39936ECAF4C933519DD6 /* NotificationService.swift */,
			);
			path = Services;
			sourceTree = "<group>";
		};
/* End PBXGroup section */

/* Begin PBXNativeTarget section */
		39F83DEFC879614092660F59 /* Wrangle */ = {
			isa = PBXNativeTarget;
			buildConfigurationList = 8D36C7B6A2732E7F43156DAF /* Build configuration list for PBXNativeTarget "Wrangle" */;
			buildPhases = (
				FC3CE40E7400A366688F25F1 /* Sources */,
			);
			buildRules = (
			);
			dependencies = (
			);
			name = Wrangle;
			packageProductDependencies = (
			);
			productName = Wrangle;
			productReference = 8AC849DAA0E4F6581D31E88F /* Wrangle.app */;
			productType = "com.apple.product-type.application";
		};
/* End PBXNativeTarget section */

/* Begin PBXProject section */
		3BA42CA4A3120D068752F695 /* Project object */ = {
			isa = PBXProject;
			attributes = {
				BuildIndependentTargetsInParallel = YES;
				LastUpgradeCheck = 1500;
				TargetAttributes = {
					39F83DEFC879614092660F59 = {
						ProvisioningStyle = Automatic;
					};
				};
			};
			buildConfigurationList = BB556B287421631BEE4928FD /* Build configuration list for PBXProject "Wrangle" */;
			compatibilityVersion = "Xcode 14.0";
			developmentRegion = en;
			hasScannedForEncodings = 0;
			knownRegions = (
				Base,
				en,
			);
			mainGroup = A22F421F3D23027ECEF4D541;
			minimizedProjectReferenceProxies = 1;
			preferredProjectObjectVersion = 77;
			projectDirPath = "";
			projectRoot = "";
			targets = (
				39F83DEFC879614092660F59 /* Wrangle */,
			);
		};
/* End PBXProject section */

/* Begin PBXSourcesBuildPhase section */
		FC3CE40E7400A366688F25F1 /* Sources */ = {
			isa = PBXSourcesBuildPhase;
			buildActionMask = 2147483647;
			files = (
				982170352468F13760EF595C /* CalendarService.swift in Sources */,
				E30954A25985D91E40C3F3B8 /* DayView.swift in Sources */,
				E9438C631DD0AC3F1A0BF5C7 /* ItemEditorView.swift in Sources */,
				1E55B9FDD0C0B9F62F061C04 /* MainView.swift in Sources */,
				173897F3FB7A8CC5317B2441 /* MenuBarView.swift in Sources */,
				2A5F8E547ABEF8E96F71EDB1 /* NotificationService.swift in Sources */,
				2B0F10289DFD50395371E08F /* PlannerItem.swift in Sources */,
				FFA1255F94C7DFA9CF81B38F /* Theme.swift in Sources */,
				9CF4A427ED0A11B3BA9E0EE8 /* TimeBlock.swift in Sources */,
				4D80942D712D262054376BC8 /* WeekView.swift in Sources */,
				0333EFDB8F8BFD7D38FF7D39 /* WrangleApp.swift in Sources */,
			);
			runOnlyForDeploymentPostprocessing = 0;
		};
/* End PBXSourcesBuildPhase section */

/* Begin XCBuildConfiguration section */
		69D3292A0761DA93A0B53703 /* Debug */ = {
			isa = XCBuildConfiguration;
			buildSettings = {
				ALWAYS_SEARCH_USER_PATHS = NO;
				CLANG_ANALYZER_NONNULL = YES;
				CLANG_ANALYZER_NUMBER_OBJECT_CONVERSION = YES_AGGRESSIVE;
				CLANG_CXX_LANGUAGE_STANDARD = "gnu++14";
				CLANG_CXX_LIBRARY = "libc++";
				CLANG_ENABLE_MODULES = YES;
				CLANG_ENABLE_OBJC_ARC = YES;
				CLANG_ENABLE_OBJC_WEAK = YES;
				CLANG_WARN_BLOCK_CAPTURE_AUTORELEASING = YES;
				CLANG_WARN_BOOL_CONVERSION = YES;
				CLANG_WARN_COMMA = YES;
				CLANG_WARN_CONSTANT_CONVERSION = YES;
				CLANG_WARN_DEPRECATED_OBJC_IMPLEMENTATIONS = YES;
				CLANG_WARN_DIRECT_OBJC_ISA_USAGE = YES_ERROR;
				CLANG_WARN_DOCUMENTATION_COMMENTS = YES;
				CLANG_WARN_EMPTY_BODY = YES;
				CLANG_WARN_ENUM_CONVERSION = YES;
				CLANG_WARN_INFINITE_RECURSION = YES;
				CLANG_WARN_INT_CONVERSION = YES;
				CLANG_WARN_NON_LITERAL_NULL_CONVERSION = YES;
				CLANG_WARN_OBJC_IMPLICIT_RETAIN_SELF = YES;
				CLANG_WARN_OBJC_LITERAL_CONVERSION = YES;
				CLANG_WARN_OBJC_ROOT_CLASS = YES_ERROR;
				CLANG_WARN_QUOTED_INCLUDE_IN_FRAMEWORK_HEADER = YES;
				CLANG_WARN_RANGE_LOOP_ANALYSIS = YES;
				CLANG_WARN_STRICT_PROTOTYPES = YES;
				CLANG_WARN_SUSPICIOUS_MOVE = YES;
				CLANG_WARN_UNGUARDED_AVAILABILITY = YES_AGGRESSIVE;
				CLANG_WARN_UNREACHABLE_CODE = YES;
				CLANG_WARN__DUPLICATE_METHOD_MATCH = YES;
				COPY_PHASE_STRIP = NO;
				DEBUG_INFORMATION_FORMAT = dwarf;
				ENABLE_STRICT_OBJC_MSGSEND = YES;
				ENABLE_TESTABILITY = YES;
				GCC_C_LANGUAGE_STANDARD = gnu11;
				GCC_DYNAMIC_NO_PIC = NO;
				GCC_NO_COMMON_BLOCKS = YES;
				GCC_OPTIMIZATION_LEVEL = 0;
				GCC_PREPROCESSOR_DEFINITIONS = (
					"$(inherited)",
					"DEBUG=1",
				);
				GCC_WARN_64_TO_32_BIT_CONVERSION = YES;
				GCC_WARN_ABOUT_RETURN_TYPE = YES_ERROR;
				GCC_WARN_UNDECLARED_SELECTOR = YES;
				GCC_WARN_UNINITIALIZED_AUTOS = YES_AGGRESSIVE;
				GCC_WARN_UNUSED_FUNCTION = YES;
				GCC_WARN_UNUSED_VARIABLE = YES;
				MACOSX_DEPLOYMENT_TARGET = 14.0;
				MTL_ENABLE_DEBUG_INFO = INCLUDE_SOURCE;
				MTL_FAST_MATH = YES;
				ONLY_ACTIVE_ARCH = YES;
				PRODUCT_NAME = "$(TARGET_NAME)";
				SDKROOT = macosx;
				SWIFT_ACTIVE_COMPILATION_CONDITIONS = DEBUG;
				SWIFT_OPTIMIZATION_LEVEL = "-Onone";
				SWIFT_VERSION = 5.0;
			};
			name = Debug;
		};
		B09D160EE6175F1D0D38B1DA /* Debug */ = {
			isa = XCBuildConfiguration;
			buildSettings = {
				ASSETCATALOG_COMPILER_APPICON_NAME = AppIcon;
				CODE_SIGN_ENTITLEMENTS = Wrangle/Wrangle.entitlements;
				CODE_SIGN_STYLE = Automatic;
				COMBINE_HIDPI_IMAGES = YES;
				CURRENT_PROJECT_VERSION = 1;
				ENABLE_HARDENED_RUNTIME = YES;
				GENERATE_INFOPLIST_FILE = NO;
				INFOPLIST_FILE = Wrangle/Info.plist;
				LD_RUNPATH_SEARCH_PATHS = (
					"$(inherited)",
					"@executable_path/../Frameworks",
				);
				MACOSX_DEPLOYMENT_TARGET = 14.0;
				MARKETING_VERSION = 1.0;
				PRODUCT_BUNDLE_IDENTIFIER = com.wrangle.app;
				PRODUCT_NAME = Wrangle;
				SDKROOT = macosx;
				SWIFT_VERSION = 5.9;
			};
			name = Debug;
		};
		D3F0A2B6CAC5FE10E40B6DFF /* Release */ = {
			isa = XCBuildConfiguration;
			buildSettings = {
				ALWAYS_SEARCH_USER_PATHS = NO;
				CLANG_ANALYZER_NONNULL = YES;
				CLANG_ANALYZER_NUMBER_OBJECT_CONVERSION = YES_AGGRESSIVE;
				CLANG_CXX_LANGUAGE_STANDARD = "gnu++14";
				CLANG_CXX_LIBRARY = "libc++";
				CLANG_ENABLE_MODULES = YES;
				CLANG_ENABLE_OBJC_ARC = YES;
				CLANG_ENABLE_OBJC_WEAK = YES;
				CLANG_WARN_BLOCK_CAPTURE_AUTORELEASING = YES;
				CLANG_WARN_BOOL_CONVERSION = YES;
				CLANG_WARN_COMMA = YES;
				CLANG_WARN_CONSTANT_CONVERSION = YES;
				CLANG_WARN_DEPRECATED_OBJC_IMPLEMENTATIONS = YES;
				CLANG_WARN_DIRECT_OBJC_ISA_USAGE = YES_ERROR;
				CLANG_WARN_DOCUMENTATION_COMMENTS = YES;
				CLANG_WARN_EMPTY_BODY = YES;
				CLANG_WARN_ENUM_CONVERSION = YES;
				CLANG_WARN_INFINITE_RECURSION = YES;
				CLANG_WARN_INT_CONVERSION = YES;
				CLANG_WARN_NON_LITERAL_NULL_CONVERSION = YES;
				CLANG_WARN_OBJC_IMPLICIT_RETAIN_SELF = YES;
				CLANG_WARN_OBJC_LITERAL_CONVERSION = YES;
				CLANG_WARN_OBJC_ROOT_CLASS = YES_ERROR;
				CLANG_WARN_QUOTED_INCLUDE_IN_FRAMEWORK_HEADER = YES;
				CLANG_WARN_RANGE_LOOP_ANALYSIS = YES;
				CLANG_WARN_STRICT_PROTOTYPES = YES;
				CLANG_WARN_SUSPICIOUS_MOVE = YES;
				CLANG_WARN_UNGUARDED_AVAILABILITY = YES_AGGRESSIVE;
				CLANG_WARN_UNREACHABLE_CODE = YES;
				CLANG_WARN__DUPLICATE_METHOD_MATCH = YES;
				COPY_PHASE_STRIP = NO;
				DEBUG_INFORMATION_FORMAT = "dwarf-with-dsym";
				ENABLE_NS_ASSERTIONS = NO;
				ENABLE_STRICT_OBJC_MSGSEND = YES;
				GCC_C_LANGUAGE_STANDARD = gnu11;
				GCC_NO_COMMON_BLOCKS = YES;
				GCC_WARN_64_TO_32_BIT_CONVERSION = YES;
				GCC_WARN_ABOUT_RETURN_TYPE = YES_ERROR;
				GCC_WARN_UNDECLARED_SELECTOR = YES;
				GCC_WARN_UNINITIALIZED_AUTOS = YES_AGGRESSIVE;
				GCC_WARN_UNUSED_FUNCTION = YES;
				GCC_WARN_UNUSED_VARIABLE = YES;
				MACOSX_DEPLOYMENT_TARGET = 14.0;
				MTL_ENABLE_DEBUG_INFO = NO;
				MTL_FAST_MATH = YES;
				PRODUCT_NAME = "$(TARGET_NAME)";
				SDKROOT = macosx;
				SWIFT_COMPILATION_MODE = wholemodule;
				SWIFT_OPTIMIZATION_LEVEL = "-O";
				SWIFT_VERSION = 5.0;
			};
			name = Release;
		};
		D4DCB8AC61E56CE9E93E48E4 /* Release */ = {
			isa = XCBuildConfiguration;
			buildSettings = {
				ASSETCATALOG_COMPILER_APPICON_NAME = AppIcon;
				CODE_SIGN_ENTITLEMENTS = Wrangle/Wrangle.entitlements;
				CODE_SIGN_STYLE = Automatic;
				COMBINE_HIDPI_IMAGES = YES;
				CURRENT_PROJECT_VERSION = 1;
				ENABLE_HARDENED_RUNTIME = YES;
				GENERATE_INFOPLIST_FILE = NO;
				INFOPLIST_FILE = Wrangle/Info.plist;
				LD_RUNPATH_SEARCH_PATHS = (
					"$(inherited)",
					"@executable_path/../Frameworks",
				);
				MACOSX_DEPLOYMENT_TARGET = 14.0;
				MARKETING_VERSION = 1.0;
				PRODUCT_BUNDLE_IDENTIFIER = com.wrangle.app;
				PRODUCT_NAME = Wrangle;
				SDKROOT = macosx;
				SWIFT_VERSION = 5.9;
			};
			name = Release;
		};
/* End XCBuildConfiguration section */

/* Begin XCConfigurationList section */
		8D36C7B6A2732E7F43156DAF /* Build configuration list for PBXNativeTarget "Wrangle" */ = {
			isa = XCConfigurationList;
			buildConfigurations = (
				B09D160EE6175F1D0D38B1DA /* Debug */,
				D4DCB8AC61E56CE9E93E48E4 /* Release */,
			);
			defaultConfigurationIsVisible = 0;
			defaultConfigurationName = Debug;
		};
		BB556B287421631BEE4928FD /* Build configuration list for PBXProject "Wrangle" */ = {
			isa = XCConfigurationList;
			buildConfigurations = (
				69D3292A0761DA93A0B53703 /* Debug */,
				D3F0A2B6CAC5FE10E40B6DFF /* Release */,
			);
			defaultConfigurationIsVisible = 0;
			defaultConfigurationName = Debug;
		};
/* End XCConfigurationList section */
	};
	rootObject = 3BA42CA4A3120D068752F695 /* Project object */;
}
